
Microsoft Visual Studio Solution File, Format Version 12.00
# Visual Studio 15
VisualStudioVersion = 15.0.27130.2020
MinimumVisualStudioVersion = 10.0.40219.1
Project("{888888A0-9F3D-457C-B088-3A5042F75D52}") = "tikplay-player", "tikplay-player\tikplay-player.pyproj", "{9515FF0F-4C56-4EBC-8875-EE32D314474A}"
EndProject
Global
	GlobalSection(SolutionConfigurationPlatforms) = preSolution
		Debug|Any CPU = Debug|Any CPU
		Release|Any CPU = Release|Any CPU
	EndGlobalSection
	GlobalSection(ProjectConfigurationPlatforms) = postSolution
		{9515FF0F-4C56-4EBC-8875-EE32D314474A}.Debug|Any CPU.ActiveCfg = Debug|Any CPU
		{9515FF0F-4C56-4EBC-8875-EE32D314474A}.Release|Any CPU.ActiveCfg = Release|Any CPU
	EndGlobalSection
	GlobalSection(SolutionProperties) = preSolution
		HideSolutionNode = FALSE
	EndGlobalSection
	GlobalSection(ExtensibilityGlobals) = postSolution
		SolutionGuid = {AA7F232A-6953-4289-864E-B72229AE5061}
	EndGlobalSection
EndGlobal
